# THIS IS AN AUTOGENERATED FILE. DO NOT EDIT THIS FILE DIRECTLY.
# yarn lockfile v1


csstype@^3.1.0:
  version "3.1.2"
  resolved "https://registry.yarnpkg.com/csstype/-/csstype-3.1.2.tgz#1d4bf9d572f11c14031f0436e1c10bc1f571f50b"
  integrity sha512-I7K1Uu0MBPzaFKg4nI5Q7Vs2t+3gWWW648spaF+Rg7pI9ds18Ugn+lvg4SHczUdKlHI5LWBXyqfS8+DufyBsgQ==

seroval@^0.14.1:
  version "0.14.1"
  resolved "https://registry.yarnpkg.com/seroval/-/seroval-0.14.1.tgz#bddf050ee2e01836a17d4d3e0ea242aa42489fe9"
  integrity sha512-ZlC9y1KVDhZFdEHLYZup1RjKDutyX1tt3ffOauqRbRURa2vRr2NU/bHuVEuNEqR3zE2uCU3WM6LqH6Oinc3tWg==

solid-js@^1.8.6:
  version "1.8.6"
  resolved "https://registry.yarnpkg.com/solid-js/-/solid-js-1.8.6.tgz#c465dc18de3d380f0e7ed969c0ec1a31742a4e6e"
  integrity sha512-yiH6ZfBBZ3xj/aU/PBpVKB+8r8WWp100NGF7k/Z0IrK9Y8Lv0jwvFiJY1cHdc6Tj7GqXArKnMBabM0m1k+LzkA==
  dependencies:
    csstype "^3.1.0"
    seroval "^0.14.1"
